
Microsoft Visual Studio Solution File, Format Version 12.00
# Visual Studio Version 16
VisualStudioVersion = 16.0.29025.244
MinimumVisualStudioVersion = 10.0.40219.1
Project("{8BC9CEB8-8B4A-11D0-8D11-00A0C91BC942}") = "EnterTheGungeon", "EnterTheGungeon.vcxproj", "{EE7ACAE8-CEAE-4610-866B-E2DA57106AEC}"
EndProject
Global
	GlobalSection(SolutionConfigurationPlatforms) = preSolution
		Debug|x64 = Debug|x64
		Debug|x86 = Debug|x86
		Release|x64 = Release|x64
		Release|x86 = Release|x86
	EndGlobalSection
	GlobalSection(ProjectConfigurationPlatforms) = postSolution
		{EE7ACAE8-CEAE-4610-866B-E2DA57106AEC}.Debug|x64.ActiveCfg = Debug|x64
		{EE7ACAE8-CEAE-4610-866B-E2DA57106AEC}.Debug|x64.Build.0 = Debug|x64
		{EE7ACAE8-CEAE-4610-866B-E2DA57106AEC}.Debug|x86.ActiveCfg = Debug|Win32
		{EE7ACAE8-CEAE-4610-866B-E2DA57106AEC}.Debug|x86.Build.0 = Debug|Win32
		{EE7ACAE8-CEAE-4610-866B-E2DA57106AEC}.Release|x64.ActiveCfg = Release|x64
		{EE7ACAE8-CEAE-4610-866B-E2DA57106AEC}.Release|x64.Build.0 = Release|x64
		{EE7ACAE8-CEAE-4610-866B-E2DA57106AEC}.Release|x86.ActiveCfg = Release|Win32
		{EE7ACAE8-CEAE-4610-866B-E2DA57106AEC}.Release|x86.Build.0 = Release|Win32
	EndGlobalSection
	GlobalSection(SolutionProperties) = preSolution
		HideSolutionNode = FALSE
	EndGlobalSection
	GlobalSection(ExtensibilityGlobals) = postSolution
		SolutionGuid = {1B10F71E-4C0E-4DA5-B342-2B86528333CA}
	EndGlobalSection
EndGlobal
